
Microsoft Visual Studio Solution File, Format Version 12.00
# Visual Studio Version 17
VisualStudioVersion = 17.4.33122.133
MinimumVisualStudioVersion = 10.0.40219.1
Project("{FAE04EC0-301F-11D3-BF4B-00C04F79EFBC}") = "mynotepad", "mynotepad\mynotepad.csproj", "{B0616DDB-1472-4B02-8870-E2605BBBB38D}"
EndProject
Global
	GlobalSection(SolutionConfigurationPlatforms) = preSolution
		Debug|Any CPU = Debug|Any CPU
		Release|Any CPU = Release|Any CPU
	EndGlobalSection
	GlobalSection(ProjectConfigurationPlatforms) = postSolution
		{B0616DDB-1472-4B02-8870-E2605BBBB38D}.Debug|Any CPU.ActiveCfg = Debug|Any CPU
		{B0616DDB-1472-4B02-8870-E2605BBBB38D}.Debug|Any CPU.Build.0 = Debug|Any CPU
		{B0616DDB-1472-4B02-8870-E2605BBBB38D}.Release|Any CPU.ActiveCfg = Release|Any CPU
		{B0616DDB-1472-4B02-8870-E2605BBBB38D}.Release|Any CPU.Build.0 = Release|Any CPU
	EndGlobalSection
	GlobalSection(SolutionProperties) = preSolution
		HideSolutionNode = FALSE
	EndGlobalSection
	GlobalSection(ExtensibilityGlobals) = postSolution
		SolutionGuid = {2C52F877-A0A0-47BE-8B04-4ABE3B2DA51F}
	EndGlobalSection
EndGlobal
